
Microsoft Visual Studio Solution File, Format Version 12.00
# Visual Studio Version 16
VisualStudioVersion = 16.0.32002.261
MinimumVisualStudioVersion = 10.0.40219.1
Project("{FAE04EC0-301F-11D3-BF4B-00C04F79EFBC}") = "TreeFunc_Example_0", "TreeFunc_Example_0\TreeFunc_Example_0.csproj", "{87F43272-3C95-4415-A0FB-90CA028A0718}"
EndProject
Global
	GlobalSection(SolutionConfigurationPlatforms) = preSolution
		Debug|Any CPU = Debug|Any CPU
		Release|Any CPU = Release|Any CPU
	EndGlobalSection
	GlobalSection(ProjectConfigurationPlatforms) = postSolution
		{87F43272-3C95-4415-A0FB-90CA028A0718}.Debug|Any CPU.ActiveCfg = Debug|Any CPU
		{87F43272-3C95-4415-A0FB-90CA028A0718}.Debug|Any CPU.Build.0 = Debug|Any CPU
		{87F43272-3C95-4415-A0FB-90CA028A0718}.Release|Any CPU.ActiveCfg = Release|Any CPU
		{87F43272-3C95-4415-A0FB-90CA028A0718}.Release|Any CPU.Build.0 = Release|Any CPU
	EndGlobalSection
	GlobalSection(SolutionProperties) = preSolution
		HideSolutionNode = FALSE
	EndGlobalSection
	GlobalSection(ExtensibilityGlobals) = postSolution
		SolutionGuid = {C0FBAA21-A53C-485B-9E62-7D95236B4D22}
	EndGlobalSection
EndGlobal
